Data/groundtruth.new_seq_data.preprocessed.RDS
Data/gt_subset_30.new_seq_data.preprocessed.RDS
Data/groundtruth.tokens.csv.gz
Code/MLprep.R
Data/groundtruth.csv
Data/groundtruth.clean_html.csv.gz
Code/tokenize.R
Data/groundtruth_html.csv.gz
Code/cleanHTML.R
Data/groundtruth.csv
Code/Webscrape.R
Data/gt_subset_30.tokens.csv.gz
Code/MLprep.R
Data/gt_subset_30.csv
Data/gt_subset_30.clean_html.csv.gz
Code/tokenize.R
Data/gt_subset_30_html.csv.gz
Code/cleanHTML.R
Data/gt_subset_30.csv
Code/Webscrape.R
